
Microsoft Visual Studio Solution File, Format Version 12.00
# Visual Studio 15
VisualStudioVersion = 15.0.28307.421
MinimumVisualStudioVersion = 10.0.40219.1
Project("{FAE04EC0-301F-11D3-BF4B-00C04F79EFBC}") = "TimerTest1", "TimerTest1\TimerTest1.csproj", "{571311BD-C0D6-4A36-B9BC-D4EC1C9F4014}"
EndProject
Global
	GlobalSection(SolutionConfigurationPlatforms) = preSolution
		Debug|Any CPU = Debug|Any CPU
		Release|Any CPU = Release|Any CPU
	EndGlobalSection
	GlobalSection(ProjectConfigurationPlatforms) = postSolution
		{571311BD-C0D6-4A36-B9BC-D4EC1C9F4014}.Debug|Any CPU.ActiveCfg = Debug|Any CPU
		{571311BD-C0D6-4A36-B9BC-D4EC1C9F4014}.Debug|Any CPU.Build.0 = Debug|Any CPU
		{571311BD-C0D6-4A36-B9BC-D4EC1C9F4014}.Release|Any CPU.ActiveCfg = Release|Any CPU
		{571311BD-C0D6-4A36-B9BC-D4EC1C9F4014}.Release|Any CPU.Build.0 = Release|Any CPU
	EndGlobalSection
	GlobalSection(SolutionProperties) = preSolution
		HideSolutionNode = FALSE
	EndGlobalSection
	GlobalSection(ExtensibilityGlobals) = postSolution
		SolutionGuid = {E35EEE07-28A6-4722-A1F8-C2002F0D193F}
	EndGlobalSection
EndGlobal
